// !$*UTF8*$!
{
	archiveVersion = 1;
	classes = {
	};
	objectVersion = 77;
	objects = {

/* Begin PBXBuildFile section */
		E5A100302FC6000100A00001 /* eSheepNextWidget.appex in Embed Foundation Extensions */ = {isa = PBXBuildFile; fileRef = E5A100312FC6000100A00001 /* eSheepNextWidget.appex */; settings = {ATTRIBUTES = (CodeSignOnCopy, RemoveHeadersOnCopy, ); }; };
		E5A200012FC7000100A00001 /* ESMotion in Frameworks */ = {isa = PBXBuildFile; productRef = E5A200042FC7000100A00001 /* ESMotion */; };
		E5A300012FC8000100A00001 /* Supabase in Frameworks */ = {isa = PBXBuildFile; productRef = E5A300042FC8000100A00001 /* Supabase */; };
/* End PBXBuildFile section */

/* Begin PBXContainerItemProxy section */
		E5A1000A2FC6000100A00001 /* PBXContainerItemProxy */ = {
			isa = PBXContainerItemProxy;
			containerPortal = E5A100012FC6000100A00001 /* Project object */;
			proxyType = 1;
			remoteGlobalIDString = E5A100082FC6000100A00001;
			remoteInfo = eSheepNext;
		};
		E5A100322FC6000100A00001 /* PBXContainerItemProxy */ = {
			isa = PBXContainerItemProxy;
			containerPortal = E5A100012FC6000100A00001 /* Project object */;
			proxyType = 1;
			remoteGlobalIDString = E5A100382FC6000100A00001;
			remoteInfo = eSheepNextWidget;
		};
		E5A400072FC9000100A00001 /* PBXContainerItemProxy */ = {
			isa = PBXContainerItemProxy;
			containerPortal = E5A100012FC6000100A00001 /* Project object */;
			proxyType = 1;
			remoteGlobalIDString = E5A100082FC6000100A00001;
			remoteInfo = eSheepNext;
		};
/* End PBXContainerItemProxy section */

/* Begin PBXCopyFilesBuildPhase section */
		E5A100332FC6000100A00001 /* Embed Foundation Extensions */ = {
			isa = PBXCopyFilesBuildPhase;
			buildActionMask = 2147483647;
			dstPath = "";
			dstSubfolderSpec = 13;
			files = (
				E5A100302FC6000100A00001 /* eSheepNextWidget.appex in Embed Foundation Extensions */,
			);
			name = "Embed Foundation Extensions";
			runOnlyForDeploymentPostprocessing = 0;
		};
/* End PBXCopyFilesBuildPhase section */

/* Begin PBXFileReference section */
		E5A100062FC6000100A00001 /* eSheepNext.app */ = {isa = PBXFileReference; explicitFileType = wrapper.application; includeInIndex = 0; path = eSheepNext.app; sourceTree = BUILT_PRODUCTS_DIR; };
		E5A1000C2FC6000100A00001 /* eSheepNextTests.xctest */ = {isa = PBXFileReference; explicitFileType = wrapper.cfbundle; includeInIndex = 0; path = eSheepNextTests.xctest; sourceTree = BUILT_PRODUCTS_DIR; };
		E5A100212FC6000100A00001 /* Config/DevelopmentEnvironment.xcconfig */ = {isa = PBXFileReference; lastKnownFileType = text.xcconfig; path = Config/DevelopmentEnvironment.xcconfig; sourceTree = "<group>"; };
		E5A100222FC6000100A00001 /* Config/StagingEnvironment.xcconfig */ = {isa = PBXFileReference; lastKnownFileType = text.xcconfig; path = Config/StagingEnvironment.xcconfig; sourceTree = "<group>"; };
		E5A100232FC6000100A00001 /* Config/ReleaseEnvironment.xcconfig */ = {isa = PBXFileReference; lastKnownFileType = text.xcconfig; path = Config/ReleaseEnvironment.xcconfig; sourceTree = "<group>"; };
		E5A100312FC6000100A00001 /* eSheepNextWidget.appex */ = {isa = PBXFileReference; explicitFileType = "wrapper.app-extension"; includeInIndex = 0; path = eSheepNextWidget.appex; sourceTree = BUILT_PRODUCTS_DIR; };
		E5A400012FC9000100A00001 /* eSheepNextPerformanceTests.xctest */ = {isa = PBXFileReference; explicitFileType = wrapper.cfbundle; includeInIndex = 0; path = eSheepNextPerformanceTests.xctest; sourceTree = BUILT_PRODUCTS_DIR; };
/* End PBXFileReference section */

/* Begin PBXFileSystemSynchronizedBuildFileExceptionSet section */
		E5A100202FC6000100A00001 /* Exceptions for "eSheepNext" folder in "eSheepNext" target */ = {
			isa = PBXFileSystemSynchronizedBuildFileExceptionSet;
			membershipExceptions = (
				Info.plist,
			);
			target = E5A100082FC6000100A00001 /* eSheepNext */;
		};
		E5A1003E2FC6000100A00001 /* Exceptions for "eSheepNextWidget" folder in "eSheepNextWidget" target */ = {
			isa = PBXFileSystemSynchronizedBuildFileExceptionSet;
			membershipExceptions = (
				Info.plist,
			);
			target = E5A100382FC6000100A00001 /* eSheepNextWidget */;
		};
/* End PBXFileSystemSynchronizedBuildFileExceptionSet section */

/* Begin PBXFileSystemSynchronizedRootGroup section */
		E5A100032FC6000100A00001 /* eSheepNext */ = {
			isa = PBXFileSystemSynchronizedRootGroup;
			exceptions = (
				E5A100202FC6000100A00001 /* Exceptions for "eSheepNext" folder in "eSheepNext" target */,
			);
			path = eSheepNext;
			sourceTree = "<group>";
		};
		E5A1000D2FC6000100A00001 /* eSheepNextTests */ = {
			isa = PBXFileSystemSynchronizedRootGroup;
			path = eSheepNextTests;
			sourceTree = "<group>";
		};
		E5A100342FC6000100A00001 /* eSheepNextWidget */ = {
			isa = PBXFileSystemSynchronizedRootGroup;
			exceptions = (
				E5A1003E2FC6000100A00001 /* Exceptions for "eSheepNextWidget" folder in "eSheepNextWidget" target */,
			);
			path = eSheepNextWidget;
			sourceTree = "<group>";
		};
		E5A400022FC9000100A00001 /* eSheepNextPerformanceTests */ = {
			isa = PBXFileSystemSynchronizedRootGroup;
			path = eSheepNextPerformanceTests;
			sourceTree = "<group>";
		};
/* End PBXFileSystemSynchronizedRootGroup section */

/* Begin PBXFrameworksBuildPhase section */
		E5A100052FC6000100A00001 /* Frameworks */ = {
			isa = PBXFrameworksBuildPhase;
			buildActionMask = 2147483647;
			files = (
				E5A200012FC7000100A00001 /* ESMotion in Frameworks */,
				E5A300012FC8000100A00001 /* Supabase in Frameworks */,
			);
			runOnlyForDeploymentPostprocessing = 0;
		};
		E5A1000B2FC6000100A00001 /* Frameworks */ = {
			isa = PBXFrameworksBuildPhase;
			buildActionMask = 2147483647;
			files = (
			);
			runOnlyForDeploymentPostprocessing = 0;
		};
		E5A100352FC6000100A00001 /* Frameworks */ = {
			isa = PBXFrameworksBuildPhase;
			buildActionMask = 2147483647;
			files = (
			);
			runOnlyForDeploymentPostprocessing = 0;
		};
		E5A400052FC9000100A00001 /* Frameworks */ = {
			isa = PBXFrameworksBuildPhase;
			buildActionMask = 2147483647;
			files = (
			);
			runOnlyForDeploymentPostprocessing = 0;
		};
/* End PBXFrameworksBuildPhase section */

/* Begin PBXGroup section */
		E5A100022FC6000100A00001 = {
			isa = PBXGroup;
			children = (
				E5A100212FC6000100A00001 /* Config/DevelopmentEnvironment.xcconfig */,
				E5A100222FC6000100A00001 /* Config/StagingEnvironment.xcconfig */,
				E5A100232FC6000100A00001 /* Config/ReleaseEnvironment.xcconfig */,
				E5A100032FC6000100A00001 /* eSheepNext */,
				E5A1000D2FC6000100A00001 /* eSheepNextTests */,
				E5A400022FC9000100A00001 /* eSheepNextPerformanceTests */,
				E5A100342FC6000100A00001 /* eSheepNextWidget */,
				E5A100072FC6000100A00001 /* Products */,
			);
			sourceTree = "<group>";
		};
		E5A100072FC6000100A00001 /* Products */ = {
			isa = PBXGroup;
			children = (
				E5A100062FC6000100A00001 /* eSheepNext.app */,
				E5A1000C2FC6000100A00001 /* eSheepNextTests.xctest */,
				E5A400012FC9000100A00001 /* eSheepNextPerformanceTests.xctest */,
				E5A100312FC6000100A00001 /* eSheepNextWidget.appex */,
			);
			name = Products;
			sourceTree = "<group>";
		};
/* End PBXGroup section */

/* Begin PBXNativeTarget section */
		E5A100082FC6000100A00001 /* eSheepNext */ = {
			isa = PBXNativeTarget;
			buildConfigurationList = E5A100112FC6000100A00001 /* Build configuration list for PBXNativeTarget "eSheepNext" */;
			buildPhases = (
				E5A100042FC6000100A00001 /* Sources */,
				E5A100052FC6000100A00001 /* Frameworks */,
				E5A100092FC6000100A00001 /* Resources */,
				E5A100332FC6000100A00001 /* Embed Foundation Extensions */,
			);
			buildRules = (
			);
			dependencies = (
				E5A1003A2FC6000100A00001 /* PBXTargetDependency */,
			);
			fileSystemSynchronizedGroups = (
				E5A100032FC6000100A00001 /* eSheepNext */,
			);
			name = eSheepNext;
			packageProductDependencies = (
				E5A200042FC7000100A00001 /* ESMotion */,
				E5A300042FC8000100A00001 /* Supabase */,
			);
			productName = eSheepNext;
			productReference = E5A100062FC6000100A00001 /* eSheepNext.app */;
			productType = "com.apple.product-type.application";
		};
		E5A1000E2FC6000100A00001 /* eSheepNextTests */ = {
			isa = PBXNativeTarget;
			buildConfigurationList = E5A100142FC6000100A00001 /* Build configuration list for PBXNativeTarget "eSheepNextTests" */;
			buildPhases = (
				E5A1000F2FC6000100A00001 /* Sources */,
				E5A1000B2FC6000100A00001 /* Frameworks */,
				E5A100102FC6000100A00001 /* Resources */,
			);
			buildRules = (
			);
			dependencies = (
				E5A100132FC6000100A00001 /* PBXTargetDependency */,
			);
			fileSystemSynchronizedGroups = (
				E5A1000D2FC6000100A00001 /* eSheepNextTests */,
			);
			name = eSheepNextTests;
			packageProductDependencies = (
			);
			productName = eSheepNextTests;
			productReference = E5A1000C2FC6000100A00001 /* eSheepNextTests.xctest */;
			productType = "com.apple.product-type.bundle.unit-test";
		};
		E5A100382FC6000100A00001 /* eSheepNextWidget */ = {
			isa = PBXNativeTarget;
			buildConfigurationList = E5A100392FC6000100A00001 /* Build configuration list for PBXNativeTarget "eSheepNextWidget" */;
			buildPhases = (
				E5A100362FC6000100A00001 /* Sources */,
				E5A100352FC6000100A00001 /* Frameworks */,
				E5A100372FC6000100A00001 /* Resources */,
			);
			buildRules = (
			);
			dependencies = (
			);
			fileSystemSynchronizedGroups = (
				E5A100342FC6000100A00001 /* eSheepNextWidget */,
			);
			name = eSheepNextWidget;
			packageProductDependencies = (
			);
			productName = eSheepNextWidget;
			productReference = E5A100312FC6000100A00001 /* eSheepNextWidget.appex */;
			productType = "com.apple.product-type.app-extension";
		};
		E5A400032FC9000100A00001 /* eSheepNextPerformanceTests */ = {
			isa = PBXNativeTarget;
			buildConfigurationList = E5A4000C2FC9000100A00001 /* Build configuration list for PBXNativeTarget "eSheepNextPerformanceTests" */;
			buildPhases = (
				E5A400042FC9000100A00001 /* Sources */,
				E5A400052FC9000100A00001 /* Frameworks */,
				E5A400062FC9000100A00001 /* Resources */,
			);
			buildRules = (
			);
			dependencies = (
				E5A400082FC9000100A00001 /* PBXTargetDependency */,
			);
			fileSystemSynchronizedGroups = (
				E5A400022FC9000100A00001 /* eSheepNextPerformanceTests */,
			);
			name = eSheepNextPerformanceTests;
			packageProductDependencies = (
			);
			productName = eSheepNextPerformanceTests;
			productReference = E5A400012FC9000100A00001 /* eSheepNextPerformanceTests.xctest */;
			productType = "com.apple.product-type.bundle.unit-test";
		};
/* End PBXNativeTarget section */

/* Begin PBXProject section */
		E5A100012FC6000100A00001 /* Project object */ = {
			isa = PBXProject;
			attributes = {
				BuildIndependentTargetsInParallel = 1;
				LastSwiftUpdateCheck = 2700;
				LastUpgradeCheck = 2700;
				TargetAttributes = {
					E5A100082FC6000100A00001 = {
						CreatedOnToolsVersion = 27.0;
					};
					E5A1000E2FC6000100A00001 = {
						CreatedOnToolsVersion = 27.0;
						TestTargetID = E5A100082FC6000100A00001;
					};
					E5A100382FC6000100A00001 = {
						CreatedOnToolsVersion = 27.0;
					};
					E5A400032FC9000100A00001 = {
						CreatedOnToolsVersion = 27.0;
						TestTargetID = E5A100082FC6000100A00001;
					};
				};
			};
			buildConfigurationList = E5A100152FC6000100A00001 /* Build configuration list for PBXProject "eSheepNext" */;
			developmentRegion = "zh-Hans";
			hasScannedForEncodings = 0;
			knownRegions = (
				en,
				Base,
				"zh-Hans",
			);
			mainGroup = E5A100022FC6000100A00001;
			minimizedProjectReferenceProxies = 1;
			packageReferences = (
				E5A200032FC7000100A00001 /* XCRemoteSwiftPackageReference "ESMotion" */,
				E5A300032FC8000100A00001 /* XCRemoteSwiftPackageReference "supabase-swift" */,
			);
			preferredProjectObjectVersion = 77;
			productRefGroup = E5A100072FC6000100A00001 /* Products */;
			projectDirPath = "";
			projectRoot = "";
			targets = (
				E5A100082FC6000100A00001 /* eSheepNext */,
				E5A1000E2FC6000100A00001 /* eSheepNextTests */,
				E5A400032FC9000100A00001 /* eSheepNextPerformanceTests */,
				E5A100382FC6000100A00001 /* eSheepNextWidget */,
			);
		};
/* End PBXProject section */

/* Begin PBXResourcesBuildPhase section */
		E5A100092FC6000100A00001 /* Resources */ = {
			isa = PBXResourcesBuildPhase;
			buildActionMask = 2147483647;
			files = (
			);
			runOnlyForDeploymentPostprocessing = 0;
		};
		E5A100102FC6000100A00001 /* Resources */ = {
			isa = PBXResourcesBuildPhase;
			buildActionMask = 2147483647;
			files = (
			);
			runOnlyForDeploymentPostprocessing = 0;
		};
		E5A100372FC6000100A00001 /* Resources */ = {
			isa = PBXResourcesBuildPhase;
			buildActionMask = 2147483647;
			files = (
			);
			runOnlyForDeploymentPostprocessing = 0;
		};
		E5A400062FC9000100A00001 /* Resources */ = {
			isa = PBXResourcesBuildPhase;
			buildActionMask = 2147483647;
			files = (
			);
			runOnlyForDeploymentPostprocessing = 0;
		};
/* End PBXResourcesBuildPhase section */

/* Begin PBXSourcesBuildPhase section */
		E5A100042FC6000100A00001 /* Sources */ = {
			isa = PBXSourcesBuildPhase;
			buildActionMask = 2147483647;
			files = (
			);
			runOnlyForDeploymentPostprocessing = 0;
		};
		E5A1000F2FC6000100A00001 /* Sources */ = {
			isa = PBXSourcesBuildPhase;
			buildActionMask = 2147483647;
			files = (
			);
			runOnlyForDeploymentPostprocessing = 0;
		};
		E5A100362FC6000100A00001 /* Sources */ = {
			isa = PBXSourcesBuildPhase;
			buildActionMask = 2147483647;
			files = (
			);
			runOnlyForDeploymentPostprocessing = 0;
		};
		E5A400042FC9000100A00001 /* Sources */ = {
			isa = PBXSourcesBuildPhase;
			buildActionMask = 2147483647;
			files = (
			);
			runOnlyForDeploymentPostprocessing = 0;
		};
/* End PBXSourcesBuildPhase section */

/* Begin PBXTargetDependency section */
		E5A100132FC6000100A00001 /* PBXTargetDependency */ = {
			isa = PBXTargetDependency;
			target = E5A100082FC6000100A00001 /* eSheepNext */;
			targetProxy = E5A1000A2FC6000100A00001 /* PBXContainerItemProxy */;
		};
		E5A1003A2FC6000100A00001 /* PBXTargetDependency */ = {
			isa = PBXTargetDependency;
			target = E5A100382FC6000100A00001 /* eSheepNextWidget */;
			targetProxy = E5A100322FC6000100A00001 /* PBXContainerItemProxy */;
		};
		E5A400082FC9000100A00001 /* PBXTargetDependency */ = {
			isa = PBXTargetDependency;
			target = E5A100082FC6000100A00001 /* eSheepNext */;
			targetProxy = E5A400072FC9000100A00001 /* PBXContainerItemProxy */;
		};
/* End PBXTargetDependency section */

/* Begin XCBuildConfiguration section */
		E5A100172FC6000100A00001 /* Debug */ = {
			isa = XCBuildConfiguration;
			buildSettings = {
				CLANG_ENABLE_MODULES = YES;
				CLANG_ENABLE_OBJC_ARC = YES;
				DEBUG_INFORMATION_FORMAT = dwarf;
				GCC_C_LANGUAGE_STANDARD = gnu17;
				GCC_OPTIMIZATION_LEVEL = 0;
				SWIFT_ACTIVE_COMPILATION_CONDITIONS = "DEBUG $(inherited)";
				SWIFT_OPTIMIZATION_LEVEL = "-Onone";
			};
			name = Debug;
		};
		E5A100182FC6000100A00001 /* Release */ = {
			isa = XCBuildConfiguration;
			buildSettings = {
				CLANG_ENABLE_MODULES = YES;
				CLANG_ENABLE_OBJC_ARC = YES;
				DEBUG_INFORMATION_FORMAT = "dwarf-with-dsym";
				GCC_C_LANGUAGE_STANDARD = gnu17;
				SWIFT_COMPILATION_MODE = wholemodule;
			};
			name = Release;
		};
		E5A100192FC6000100A00001 /* Debug */ = {
			isa = XCBuildConfiguration;
			baseConfigurationReference = E5A100212FC6000100A00001 /* Config/DevelopmentEnvironment.xcconfig */;
			buildSettings = {
				APPLE_AUTH_BROKER_URL = "";
				APP_ENVIRONMENT = development;
				APP_GROUP_IDENTIFIER = group.com.sheepfarm.next.dev;
				APS_ENVIRONMENT = development;
				ASSETCATALOG_COMPILER_APPICON_NAME = AppIcon;
				CODE_SIGN_ENTITLEMENTS = eSheepNext/eSheepNext.entitlements;
				CODE_SIGN_STYLE = Automatic;
				CURRENT_PROJECT_VERSION = 16;
				DEVELOPMENT_TEAM = 7BBQMZ87SM;
				ENABLE_TESTABILITY = YES;
				GENERATE_INFOPLIST_FILE = YES;
				INFOPLIST_FILE = eSheepNext/Info.plist;
				INFOPLIST_KEY_APP_ENVIRONMENT = "$(APP_ENVIRONMENT)";
				INFOPLIST_KEY_CAPABILITY_SIGNING_PUBLIC_KEY_PEM = "$(CAPABILITY_SIGNING_PUBLIC_KEY_PEM)";
				INFOPLIST_KEY_CFBundleDisplayName = "eSheep+ Dev";
				INFOPLIST_KEY_CFBundleURLTypes = "{ CFBundleURLName = \"com.sheepfarm.esheep.deep-link\"; CFBundleURLSchemes = (esheep); }";
				INFOPLIST_KEY_IDENTITY_WORKER_URL = "$(IDENTITY_WORKER_URL)";
				INFOPLIST_KEY_LSApplicationCategoryType = "public.app-category.business";
				INFOPLIST_KEY_NSCalendarsWriteOnlyAccessUsageDescription = "用于在您确认 AI 草案后，将牧场安排写入系统日历。";
				INFOPLIST_KEY_NSCameraUsageDescription = "用于拍摄羊只、病症、耳标和业务凭证照片，或扫描耳号、文档与牧场邀请二维码。";
				INFOPLIST_KEY_NSFaceIDUsageDescription = "用于确认敏感数据导出、牧场治理和删除操作。";
				INFOPLIST_KEY_NSLocalNetworkUsageDescription = "用于在你主动打开靠近邀请时，发现附近另一台运行 eSheep+ 的手机并安全传送一次性牧场邀请。";
				INFOPLIST_KEY_NSLocationWhenInUseUsageDescription = "用于获取您主动选择的当前位置，帮助确认牧场坐标和查询当地天气。您也可以搜索地址或在地图上手动选点。";
				INFOPLIST_KEY_NSMicrophoneUsageDescription = "用于录制您主动发起的语音，并在发送前明确交给已配置的多模态服务理解。";
				INFOPLIST_KEY_NSNearbyInteractionUsageDescription = "用于在靠近邀请期间确认两台手机确实已靠近，避免把牧场邀请发送给远处或错误的设备。";
				INFOPLIST_KEY_NSRemindersFullAccessUsageDescription = "用于在您确认 AI 草案后创建系统提醒事项。";
				INFOPLIST_KEY_UIApplicationSceneManifest_Generation = YES;
				INFOPLIST_KEY_UIApplicationSupportsIndirectInputEvents = YES;
				INFOPLIST_KEY_UIBackgroundModes = "remote-notification";
				INFOPLIST_KEY_UILaunchScreen_Generation = YES;
				INFOPLIST_KEY_UISupportedInterfaceOrientations_iPad = "UIInterfaceOrientationPortrait UIInterfaceOrientationPortraitUpsideDown UIInterfaceOrientationLandscapeLeft UIInterfaceOrientationLandscapeRight";
				INFOPLIST_KEY_UISupportedInterfaceOrientations_iPhone = "UIInterfaceOrientationPortrait UIInterfaceOrientationLandscapeLeft UIInterfaceOrientationLandscapeRight";
				IPHONEOS_DEPLOYMENT_TARGET = 26.1;
				LD_RUNPATH_SEARCH_PATHS = (
					"$(inherited)",
					"@executable_path/Frameworks",
					"@loader_path/Frameworks",
				);
				MARKETING_VERSION = 3.1.1;
				PRODUCT_BUNDLE_IDENTIFIER = com.sheepfarm.next.dev;
				PRODUCT_NAME = "$(TARGET_NAME)";
				SDKROOT = iphoneos;
				STRING_CATALOG_GENERATE_SYMBOLS = YES;
				SUBSCRIPTIONS_ENABLED = NO;
				SWIFT_APPROACHABLE_CONCURRENCY = YES;
				SWIFT_EMIT_LOC_STRINGS = YES;
				SWIFT_STRICT_CONCURRENCY = complete;
				SWIFT_VERSION = 6.0;
				TARGETED_DEVICE_FAMILY = "1,2";
			};
			name = Debug;
		};
		E5A1001A2FC6000100A00001 /* Release */ = {
			isa = XCBuildConfiguration;
			baseConfigurationReference = E5A100232FC6000100A00001 /* Config/ReleaseEnvironment.xcconfig */;
			buildSettings = {
				APPLE_AUTH_BROKER_URL = "";
				APP_ENVIRONMENT = production;
				APP_GROUP_IDENTIFIER = group.com.sheepfarm;
				APS_ENVIRONMENT = production;
				ASSETCATALOG_COMPILER_APPICON_NAME = AppIcon;
				CODE_SIGN_ENTITLEMENTS = eSheepNext/eSheepNext.entitlements;
				CODE_SIGN_IDENTITY = "Apple Distribution: Jianxin Liu (7BBQMZ87SM)";
				CODE_SIGN_STYLE = Manual;
				CURRENT_PROJECT_VERSION = 16;
				DEVELOPMENT_TEAM = 7BBQMZ87SM;
				GENERATE_INFOPLIST_FILE = YES;
				INFOPLIST_FILE = eSheepNext/Info.plist;
				INFOPLIST_KEY_APP_ENVIRONMENT = "$(APP_ENVIRONMENT)";
				INFOPLIST_KEY_CAPABILITY_SIGNING_PUBLIC_KEY_PEM = "$(CAPABILITY_SIGNING_PUBLIC_KEY_PEM)";
				INFOPLIST_KEY_CFBundleDisplayName = "eSheep+";
				INFOPLIST_KEY_CFBundleURLTypes = "{ CFBundleURLName = \"com.sheepfarm.esheep.deep-link\"; CFBundleURLSchemes = (esheep); }";
				INFOPLIST_KEY_IDENTITY_WORKER_URL = "$(IDENTITY_WORKER_URL)";
				INFOPLIST_KEY_LSApplicationCategoryType = "public.app-category.business";
				INFOPLIST_KEY_NSCalendarsWriteOnlyAccessUsageDescription = "用于在您确认 AI 草案后，将牧场安排写入系统日历。";
				INFOPLIST_KEY_NSCameraUsageDescription = "用于拍摄羊只、病症、耳标和业务凭证照片，或扫描耳号、文档与牧场邀请二维码。";
				INFOPLIST_KEY_NSFaceIDUsageDescription = "用于确认敏感数据导出、牧场治理和删除操作。";
				INFOPLIST_KEY_NSLocalNetworkUsageDescription = "用于在你主动打开靠近邀请时，发现附近另一台运行 eSheep+ 的手机并安全传送一次性牧场邀请。";
				INFOPLIST_KEY_NSLocationWhenInUseUsageDescription = "用于获取您主动选择的当前位置，帮助确认牧场坐标和查询当地天气。您也可以搜索地址或在地图上手动选点。";
				INFOPLIST_KEY_NSMicrophoneUsageDescription = "用于录制您主动发起的语音，并在发送前明确交给已配置的多模态服务理解。";
				INFOPLIST_KEY_NSNearbyInteractionUsageDescription = "用于在靠近邀请期间确认两台手机确实已靠近，避免把牧场邀请发送给远处或错误的设备。";
				INFOPLIST_KEY_NSRemindersFullAccessUsageDescription = "用于在您确认 AI 草案后创建系统提醒事项。";
				INFOPLIST_KEY_UIApplicationSceneManifest_Generation = YES;
				INFOPLIST_KEY_UIApplicationSupportsIndirectInputEvents = YES;
				INFOPLIST_KEY_UIBackgroundModes = "remote-notification";
				INFOPLIST_KEY_UILaunchScreen_Generation = YES;
				INFOPLIST_KEY_UISupportedInterfaceOrientations_iPad = "UIInterfaceOrientationPortrait UIInterfaceOrientationPortraitUpsideDown UIInterfaceOrientationLandscapeLeft UIInterfaceOrientationLandscapeRight";
				INFOPLIST_KEY_UISupportedInterfaceOrientations_iPhone = "UIInterfaceOrientationPortrait UIInterfaceOrientationLandscapeLeft UIInterfaceOrientationLandscapeRight";
				IPHONEOS_DEPLOYMENT_TARGET = 26.1;
				LD_RUNPATH_SEARCH_PATHS = (
					"$(inherited)",
					"@executable_path/Frameworks",
					"@loader_path/Frameworks",
				);
				MARKETING_VERSION = 3.1.1;
				PRODUCT_BUNDLE_IDENTIFIER = com.sheepfarm.ios;
				PRODUCT_NAME = "$(TARGET_NAME)";
				PROVISIONING_PROFILE_SPECIFIER = "eSheep+ 3.1 App Store";
				SDKROOT = iphoneos;
				STRING_CATALOG_GENERATE_SYMBOLS = YES;
				SUBSCRIPTIONS_ENABLED = NO;
				SWIFT_APPROACHABLE_CONCURRENCY = YES;
				SWIFT_EMIT_LOC_STRINGS = YES;
				SWIFT_STRICT_CONCURRENCY = complete;
				SWIFT_VERSION = 6.0;
				TARGETED_DEVICE_FAMILY = "1,2";
				VALIDATE_PRODUCT = YES;
			};
			name = Release;
		};
		E5A1001B2FC6000100A00001 /* Debug */ = {
			isa = XCBuildConfiguration;
			buildSettings = {
				BUNDLE_LOADER = "$(TEST_HOST)";
				CODE_SIGN_STYLE = Automatic;
				DEVELOPMENT_TEAM = 7BBQMZ87SM;
				GENERATE_INFOPLIST_FILE = YES;
				IPHONEOS_DEPLOYMENT_TARGET = 26.1;
				PRODUCT_BUNDLE_IDENTIFIER = com.sheepfarm.esheepnext.tests;
				PRODUCT_NAME = "$(TARGET_NAME)";
				SDKROOT = iphoneos;
				SWIFT_STRICT_CONCURRENCY = complete;
				SWIFT_VERSION = 6.0;
				TARGETED_DEVICE_FAMILY = "1,2";
				TEST_HOST = "$(BUILT_PRODUCTS_DIR)/eSheepNext.app/$(BUNDLE_EXECUTABLE_FOLDER_PATH)/eSheepNext";
			};
			name = Debug;
		};
		E5A1001C2FC6000100A00001 /* Release */ = {
			isa = XCBuildConfiguration;
			buildSettings = {
				BUNDLE_LOADER = "$(TEST_HOST)";
				CODE_SIGN_STYLE = Automatic;
				DEVELOPMENT_TEAM = 7BBQMZ87SM;
				GENERATE_INFOPLIST_FILE = YES;
				IPHONEOS_DEPLOYMENT_TARGET = 26.1;
				PRODUCT_BUNDLE_IDENTIFIER = com.sheepfarm.esheepnext.tests;
				PRODUCT_NAME = "$(TARGET_NAME)";
				SDKROOT = iphoneos;
				SWIFT_STRICT_CONCURRENCY = complete;
				SWIFT_VERSION = 6.0;
				TARGETED_DEVICE_FAMILY = "1,2";
				TEST_HOST = "$(BUILT_PRODUCTS_DIR)/eSheepNext.app/$(BUNDLE_EXECUTABLE_FOLDER_PATH)/eSheepNext";
			};
			name = Release;
		};
		E5A100242FC6000100A00001 /* Staging */ = {
			isa = XCBuildConfiguration;
			buildSettings = {
				CLANG_ENABLE_MODULES = YES;
				CLANG_ENABLE_OBJC_ARC = YES;
				DEBUG_INFORMATION_FORMAT = "dwarf-with-dsym";
				GCC_C_LANGUAGE_STANDARD = gnu17;
				SWIFT_ACTIVE_COMPILATION_CONDITIONS = "STAGING $(inherited)";
				SWIFT_OPTIMIZATION_LEVEL = "-O";
			};
			name = Staging;
		};
		E5A100252FC6000100A00001 /* Staging */ = {
			isa = XCBuildConfiguration;
			baseConfigurationReference = E5A100222FC6000100A00001 /* Config/StagingEnvironment.xcconfig */;
			buildSettings = {
				APP_ENVIRONMENT = staging;
				APP_GROUP_IDENTIFIER = group.com.sheepfarm.next.staging;
				APS_ENVIRONMENT = development;
				ASSETCATALOG_COMPILER_APPICON_NAME = AppIcon;
				CODE_SIGN_ENTITLEMENTS = eSheepNext/eSheepNext.entitlements;
				CODE_SIGN_STYLE = Automatic;
				CURRENT_PROJECT_VERSION = 16;
				DEVELOPMENT_TEAM = 7BBQMZ87SM;
				GENERATE_INFOPLIST_FILE = YES;
				INFOPLIST_FILE = eSheepNext/Info.plist;
				INFOPLIST_KEY_APP_ENVIRONMENT = "$(APP_ENVIRONMENT)";
				INFOPLIST_KEY_CAPABILITY_SIGNING_PUBLIC_KEY_PEM = "$(CAPABILITY_SIGNING_PUBLIC_KEY_PEM)";
				INFOPLIST_KEY_CFBundleDisplayName = "eSheep+ Staging";
				INFOPLIST_KEY_CFBundleURLTypes = "{ CFBundleURLName = \"com.sheepfarm.esheep.deep-link\"; CFBundleURLSchemes = (esheep-staging); }";
				INFOPLIST_KEY_IDENTITY_WORKER_URL = "$(IDENTITY_WORKER_URL)";
				INFOPLIST_KEY_LSApplicationCategoryType = "public.app-category.business";
				INFOPLIST_KEY_NSCalendarsWriteOnlyAccessUsageDescription = "用于在您确认 AI 草案后，将牧场安排写入系统日历。";
				INFOPLIST_KEY_NSCameraUsageDescription = "用于拍摄羊只、病症、耳标和业务凭证照片，或扫描耳号、文档与牧场邀请二维码。";
				INFOPLIST_KEY_NSFaceIDUsageDescription = "用于确认敏感数据导出、牧场治理和删除操作。";
				INFOPLIST_KEY_NSLocalNetworkUsageDescription = "用于在你主动打开靠近邀请时，发现附近另一台运行 eSheep+ 的手机并安全传送一次性牧场邀请。";
				INFOPLIST_KEY_NSLocationWhenInUseUsageDescription = "用于获取您主动选择的当前位置，帮助确认牧场坐标和查询当地天气。您也可以搜索地址或在地图上手动选点。";
				INFOPLIST_KEY_NSMicrophoneUsageDescription = "用于录制您主动发起的语音，并在发送前明确交给已配置的多模态服务理解。";
				INFOPLIST_KEY_NSNearbyInteractionUsageDescription = "用于在靠近邀请期间确认两台手机确实已靠近，避免把牧场邀请发送给远处或错误的设备。";
				INFOPLIST_KEY_NSRemindersFullAccessUsageDescription = "用于在您确认 AI 草案后创建系统提醒事项。";
				INFOPLIST_KEY_UIApplicationSceneManifest_Generation = YES;
				INFOPLIST_KEY_UIApplicationSupportsIndirectInputEvents = YES;
				INFOPLIST_KEY_UIBackgroundModes = "remote-notification";
				INFOPLIST_KEY_UILaunchScreen_Generation = YES;
				INFOPLIST_KEY_UISupportedInterfaceOrientations_iPad = "UIInterfaceOrientationPortrait UIInterfaceOrientationPortraitUpsideDown UIInterfaceOrientationLandscapeLeft UIInterfaceOrientationLandscapeRight";
				INFOPLIST_KEY_UISupportedInterfaceOrientations_iPhone = "UIInterfaceOrientationPortrait UIInterfaceOrientationLandscapeLeft UIInterfaceOrientationLandscapeRight";
				IPHONEOS_DEPLOYMENT_TARGET = 26.1;
				LD_RUNPATH_SEARCH_PATHS = (
					"$(inherited)",
					"@executable_path/Frameworks",
					"@loader_path/Frameworks",
				);
				MARKETING_VERSION = 3.1.1;
				PRODUCT_BUNDLE_IDENTIFIER = com.sheepfarm.next.staging;
				PRODUCT_NAME = "$(TARGET_NAME)";
				SDKROOT = iphoneos;
				STRING_CATALOG_GENERATE_SYMBOLS = YES;
				SUBSCRIPTIONS_ENABLED = NO;
				SWIFT_APPROACHABLE_CONCURRENCY = YES;
				SWIFT_EMIT_LOC_STRINGS = YES;
				SWIFT_STRICT_CONCURRENCY = complete;
				SWIFT_VERSION = 6.0;
				TARGETED_DEVICE_FAMILY = "1,2";
			};
			name = Staging;
		};
		E5A100262FC6000100A00001 /* Staging */ = {
			isa = XCBuildConfiguration;
			buildSettings = {
				BUNDLE_LOADER = "$(TEST_HOST)";
				CODE_SIGN_STYLE = Automatic;
				DEVELOPMENT_TEAM = 7BBQMZ87SM;
				GENERATE_INFOPLIST_FILE = YES;
				IPHONEOS_DEPLOYMENT_TARGET = 26.1;
				PRODUCT_BUNDLE_IDENTIFIER = com.sheepfarm.next.staging.tests;
				PRODUCT_NAME = "$(TARGET_NAME)";
				SDKROOT = iphoneos;
				SWIFT_STRICT_CONCURRENCY = complete;
				SWIFT_VERSION = 6.0;
				TARGETED_DEVICE_FAMILY = "1,2";
				TEST_HOST = "$(BUILT_PRODUCTS_DIR)/eSheepNext.app/$(BUNDLE_EXECUTABLE_FOLDER_PATH)/eSheepNext";
			};
			name = Staging;
		};
		E5A1003B2FC6000100A00001 /* Debug */ = {
			isa = XCBuildConfiguration;
			buildSettings = {
				APPLICATION_EXTENSION_API_ONLY = YES;
				APP_GROUP_IDENTIFIER = group.com.sheepfarm.next.dev;
				CODE_SIGN_ENTITLEMENTS = eSheepNextWidget/eSheepNextWidget.entitlements;
				CODE_SIGN_STYLE = Automatic;
				CURRENT_PROJECT_VERSION = 16;
				DEVELOPMENT_TEAM = 7BBQMZ87SM;
				GENERATE_INFOPLIST_FILE = NO;
				INFOPLIST_FILE = eSheepNextWidget/Info.plist;
				INFOPLIST_KEY_APP_GROUP_IDENTIFIER = "$(APP_GROUP_IDENTIFIER)";
				INFOPLIST_KEY_CFBundleDisplayName = "eSheep+ Dev";
				INFOPLIST_KEY_NSExtension = "{ NSExtensionPointIdentifier = \"com.apple.widgetkit-extension\"; }";
				IPHONEOS_DEPLOYMENT_TARGET = 26.1;
				LD_RUNPATH_SEARCH_PATHS = (
					"$(inherited)",
					"@executable_path/Frameworks",
					"@executable_path/../../Frameworks",
				);
				MARKETING_VERSION = 3.1.1;
				PRODUCT_BUNDLE_IDENTIFIER = com.sheepfarm.next.dev.widget;
				PRODUCT_NAME = "$(TARGET_NAME)";
				SDKROOT = iphoneos;
				SKIP_INSTALL = YES;
				SWIFT_EMIT_LOC_STRINGS = YES;
				SWIFT_STRICT_CONCURRENCY = complete;
				SWIFT_VERSION = 6.0;
				TARGETED_DEVICE_FAMILY = "1,2";
			};
			name = Debug;
		};
		E5A1003C2FC6000100A00001 /* Staging */ = {
			isa = XCBuildConfiguration;
			buildSettings = {
				APPLICATION_EXTENSION_API_ONLY = YES;
				APP_GROUP_IDENTIFIER = group.com.sheepfarm.next.staging;
				CODE_SIGN_ENTITLEMENTS = eSheepNextWidget/eSheepNextWidget.entitlements;
				CODE_SIGN_STYLE = Automatic;
				CURRENT_PROJECT_VERSION = 16;
				DEVELOPMENT_TEAM = 7BBQMZ87SM;
				GENERATE_INFOPLIST_FILE = NO;
				INFOPLIST_FILE = eSheepNextWidget/Info.plist;
				INFOPLIST_KEY_APP_GROUP_IDENTIFIER = "$(APP_GROUP_IDENTIFIER)";
				INFOPLIST_KEY_CFBundleDisplayName = "eSheep+ Staging";
				INFOPLIST_KEY_NSExtension = "{ NSExtensionPointIdentifier = \"com.apple.widgetkit-extension\"; }";
				IPHONEOS_DEPLOYMENT_TARGET = 26.1;
				LD_RUNPATH_SEARCH_PATHS = (
					"$(inherited)",
					"@executable_path/Frameworks",
					"@executable_path/../../Frameworks",
				);
				MARKETING_VERSION = 3.1.1;
				PRODUCT_BUNDLE_IDENTIFIER = com.sheepfarm.next.staging.widget;
				PRODUCT_NAME = "$(TARGET_NAME)";
				SDKROOT = iphoneos;
				SKIP_INSTALL = YES;
				SWIFT_EMIT_LOC_STRINGS = YES;
				SWIFT_STRICT_CONCURRENCY = complete;
				SWIFT_VERSION = 6.0;
				TARGETED_DEVICE_FAMILY = "1,2";
			};
			name = Staging;
		};
		E5A1003D2FC6000100A00001 /* Release */ = {
			isa = XCBuildConfiguration;
			buildSettings = {
				APPLICATION_EXTENSION_API_ONLY = YES;
				APP_GROUP_IDENTIFIER = group.com.sheepfarm;
				CODE_SIGN_ENTITLEMENTS = eSheepNextWidget/eSheepNextWidget.entitlements;
				CODE_SIGN_IDENTITY = "Apple Distribution: Jianxin Liu (7BBQMZ87SM)";
				CODE_SIGN_STYLE = Manual;
				CURRENT_PROJECT_VERSION = 16;
				DEVELOPMENT_TEAM = 7BBQMZ87SM;
				GENERATE_INFOPLIST_FILE = NO;
				INFOPLIST_FILE = eSheepNextWidget/Info.plist;
				INFOPLIST_KEY_APP_GROUP_IDENTIFIER = "$(APP_GROUP_IDENTIFIER)";
				INFOPLIST_KEY_CFBundleDisplayName = "eSheep+";
				INFOPLIST_KEY_NSExtension = "{ NSExtensionPointIdentifier = \"com.apple.widgetkit-extension\"; }";
				IPHONEOS_DEPLOYMENT_TARGET = 26.1;
				LD_RUNPATH_SEARCH_PATHS = (
					"$(inherited)",
					"@executable_path/Frameworks",
					"@executable_path/../../Frameworks",
				);
				MARKETING_VERSION = 3.1.1;
				PRODUCT_BUNDLE_IDENTIFIER = com.sheepfarm.ios.widget;
				PRODUCT_NAME = "$(TARGET_NAME)";
				PROVISIONING_PROFILE_SPECIFIER = "eSheep+ 3.1 Widget App Store";
				SDKROOT = iphoneos;
				SKIP_INSTALL = YES;
				SWIFT_EMIT_LOC_STRINGS = YES;
				SWIFT_STRICT_CONCURRENCY = complete;
				SWIFT_VERSION = 6.0;
				TARGETED_DEVICE_FAMILY = "1,2";
			};
			name = Release;
		};
		E5A400092FC9000100A00001 /* Debug */ = {
			isa = XCBuildConfiguration;
			buildSettings = {
				BUNDLE_LOADER = "$(TEST_HOST)";
				CODE_SIGN_STYLE = Automatic;
				DEVELOPMENT_TEAM = 7BBQMZ87SM;
				GENERATE_INFOPLIST_FILE = YES;
				IPHONEOS_DEPLOYMENT_TARGET = 26.1;
				PRODUCT_BUNDLE_IDENTIFIER = com.sheepfarm.esheepnext.performance;
				PRODUCT_NAME = "$(TARGET_NAME)";
				SDKROOT = iphoneos;
				SWIFT_STRICT_CONCURRENCY = complete;
				SWIFT_VERSION = 6.0;
				TARGETED_DEVICE_FAMILY = "1,2";
				TEST_HOST = "$(BUILT_PRODUCTS_DIR)/eSheepNext.app/$(BUNDLE_EXECUTABLE_FOLDER_PATH)/eSheepNext";
			};
			name = Debug;
		};
		E5A4000A2FC9000100A00001 /* Staging */ = {
			isa = XCBuildConfiguration;
			buildSettings = {
				BUNDLE_LOADER = "$(TEST_HOST)";
				CODE_SIGN_STYLE = Automatic;
				DEVELOPMENT_TEAM = 7BBQMZ87SM;
				GENERATE_INFOPLIST_FILE = YES;
				IPHONEOS_DEPLOYMENT_TARGET = 26.1;
				PRODUCT_BUNDLE_IDENTIFIER = com.sheepfarm.next.staging.performance;
				PRODUCT_NAME = "$(TARGET_NAME)";
				SDKROOT = iphoneos;
				SWIFT_STRICT_CONCURRENCY = complete;
				SWIFT_VERSION = 6.0;
				TARGETED_DEVICE_FAMILY = "1,2";
				TEST_HOST = "$(BUILT_PRODUCTS_DIR)/eSheepNext.app/$(BUNDLE_EXECUTABLE_FOLDER_PATH)/eSheepNext";
			};
			name = Staging;
		};
		E5A4000B2FC9000100A00001 /* Release */ = {
			isa = XCBuildConfiguration;
			buildSettings = {
				BUNDLE_LOADER = "$(TEST_HOST)";
				CODE_SIGN_STYLE = Automatic;
				DEVELOPMENT_TEAM = 7BBQMZ87SM;
				GENERATE_INFOPLIST_FILE = YES;
				IPHONEOS_DEPLOYMENT_TARGET = 26.1;
				PRODUCT_BUNDLE_IDENTIFIER = com.sheepfarm.ios.performance;
				PRODUCT_NAME = "$(TARGET_NAME)";
				SDKROOT = iphoneos;
				SWIFT_STRICT_CONCURRENCY = complete;
				SWIFT_VERSION = 6.0;
				TARGETED_DEVICE_FAMILY = "1,2";
				TEST_HOST = "$(BUILT_PRODUCTS_DIR)/eSheepNext.app/$(BUNDLE_EXECUTABLE_FOLDER_PATH)/eSheepNext";
			};
			name = Release;
		};
/* End XCBuildConfiguration section */

/* Begin XCConfigurationList section */
		E5A100112FC6000100A00001 /* Build configuration list for PBXNativeTarget "eSheepNext" */ = {
			isa = XCConfigurationList;
			buildConfigurations = (
				E5A100192FC6000100A00001 /* Debug */,
				E5A100252FC6000100A00001 /* Staging */,
				E5A1001A2FC6000100A00001 /* Release */,
			);
			defaultConfigurationIsVisible = 0;
			defaultConfigurationName = Release;
		};
		E5A100142FC6000100A00001 /* Build configuration list for PBXNativeTarget "eSheepNextTests" */ = {
			isa = XCConfigurationList;
			buildConfigurations = (
				E5A1001B2FC6000100A00001 /* Debug */,
				E5A100262FC6000100A00001 /* Staging */,
				E5A1001C2FC6000100A00001 /* Release */,
			);
			defaultConfigurationIsVisible = 0;
			defaultConfigurationName = Release;
		};
		E5A100152FC6000100A00001 /* Build configuration list for PBXProject "eSheepNext" */ = {
			isa = XCConfigurationList;
			buildConfigurations = (
				E5A100172FC6000100A00001 /* Debug */,
				E5A100242FC6000100A00001 /* Staging */,
				E5A100182FC6000100A00001 /* Release */,
			);
			defaultConfigurationIsVisible = 0;
			defaultConfigurationName = Release;
		};
		E5A100392FC6000100A00001 /* Build configuration list for PBXNativeTarget "eSheepNextWidget" */ = {
			isa = XCConfigurationList;
			buildConfigurations = (
				E5A1003B2FC6000100A00001 /* Debug */,
				E5A1003C2FC6000100A00001 /* Staging */,
				E5A1003D2FC6000100A00001 /* Release */,
			);
			defaultConfigurationIsVisible = 0;
			defaultConfigurationName = Release;
		};
		E5A4000C2FC9000100A00001 /* Build configuration list for PBXNativeTarget "eSheepNextPerformanceTests" */ = {
			isa = XCConfigurationList;
			buildConfigurations = (
				E5A400092FC9000100A00001 /* Debug */,
				E5A4000A2FC9000100A00001 /* Staging */,
				E5A4000B2FC9000100A00001 /* Release */,
			);
			defaultConfigurationIsVisible = 0;
			defaultConfigurationName = Release;
		};
/* End XCConfigurationList section */

/* Begin XCRemoteSwiftPackageReference section */
		E5A200032FC7000100A00001 /* XCRemoteSwiftPackageReference "ESMotion" */ = {
			isa = XCRemoteSwiftPackageReference;
			repositoryURL = "https://github.com/Jinxed-Liu/ESMotion.git";
			requirement = {
				kind = upToNextMinorVersion;
				minimumVersion = 0.1.0;
			};
		};
		E5A300032FC8000100A00001 /* XCRemoteSwiftPackageReference "supabase-swift" */ = {
			isa = XCRemoteSwiftPackageReference;
			repositoryURL = "https://github.com/supabase/supabase-swift.git";
			requirement = {
				kind = exactVersion;
				version = 2.54.0;
			};
		};
/* End XCRemoteSwiftPackageReference section */

/* Begin XCSwiftPackageProductDependency section */
		E5A200042FC7000100A00001 /* ESMotion */ = {
			isa = XCSwiftPackageProductDependency;
			package = E5A200032FC7000100A00001 /* XCRemoteSwiftPackageReference "ESMotion" */;
			productName = ESMotion;
		};
		E5A300042FC8000100A00001 /* Supabase */ = {
			isa = XCSwiftPackageProductDependency;
			package = E5A300032FC8000100A00001 /* XCRemoteSwiftPackageReference "supabase-swift" */;
			productName = Supabase;
		};
/* End XCSwiftPackageProductDependency section */
	};
	rootObject = E5A100012FC6000100A00001 /* Project object */;
}
